
Microsoft Visual Studio Solution File, Format Version 12.00
# Visual Studio Version 17
VisualStudioVersion = 17.4.33110.190
MinimumVisualStudioVersion = 10.0.40219.1
Project("{2150E333-8FDC-42A3-9474-1A3956D46DE8}") = "1 - Apresentacao", "1 - Apresentacao", "{10D21BDB-1793-44BB-828B-84DBC26CB087}"
EndProject
Project("{2150E333-8FDC-42A3-9474-1A3956D46DE8}") = "2 - Servicos", "2 - Servicos", "{A683C074-6FFE-47C1-9725-6EBCC32CE150}"
EndProject
Project("{2150E333-8FDC-42A3-9474-1A3956D46DE8}") = "3 - Aplicacao", "3 - Aplicacao", "{04598FA9-7F3A-4C98-B3E2-819FC57481F9}"
EndProject
Project("{2150E333-8FDC-42A3-9474-1A3956D46DE8}") = "4 - Dominio", "4 - Dominio", "{014D16C5-66C0-4A18-A49C-AE957A5386B8}"
EndProject
Project("{2150E333-8FDC-42A3-9474-1A3956D46DE8}") = "5 - Infra", "5 - Infra", "{B077BA69-7C7B-49D5-B6E0-B1EF4744FB07}"
EndProject
Project("{9A19103F-16F7-4668-BE54-9A1E7A4F7556}") = "IntegraCatFact.Dominio", "IntegraCatFact.Dominio\IntegraCatFact.Dominio.csproj", "{CE5DE218-BC77-41BE-91D3-D229B4FE9EFC}"
EndProject
Project("{9A19103F-16F7-4668-BE54-9A1E7A4F7556}") = "IntegraCatFact.Aplicacao", "IntegracaoCatFact.Aplicacao\IntegraCatFact.Aplicacao.csproj", "{065F3AC0-2B5C-4022-B1F9-BED60806251F}"
EndProject
Project("{9A19103F-16F7-4668-BE54-9A1E7A4F7556}") = "IntegraCatFact.Servicos.Api", "IntegraApiCatFact.Api\IntegraCatFact.Servicos.Api.csproj", "{CC54161F-697B-4C35-9A2E-D831C403B53D}"
EndProject
Project("{2150E333-8FDC-42A3-9474-1A3956D46DE8}") = "6 - Teste", "6 - Teste", "{D78545FD-68FA-4AAD-9DF3-2E91BF8ABD4E}"
EndProject
Project("{FAE04EC0-301F-11D3-BF4B-00C04F79EFBC}") = "IntegraCatFact.Testes", "IntegraCatFact.Testes\IntegraCatFact.Testes.csproj", "{89523BA9-A4C3-4C79-8ED3-E326C9477A62}"
EndProject
Global
	GlobalSection(SolutionConfigurationPlatforms) = preSolution
		Debug|Any CPU = Debug|Any CPU
		Release|Any CPU = Release|Any CPU
	EndGlobalSection
	GlobalSection(ProjectConfigurationPlatforms) = postSolution
		{CE5DE218-BC77-41BE-91D3-D229B4FE9EFC}.Debug|Any CPU.ActiveCfg = Debug|Any CPU
		{CE5DE218-BC77-41BE-91D3-D229B4FE9EFC}.Debug|Any CPU.Build.0 = Debug|Any CPU
		{CE5DE218-BC77-41BE-91D3-D229B4FE9EFC}.Release|Any CPU.ActiveCfg = Release|Any CPU
		{CE5DE218-BC77-41BE-91D3-D229B4FE9EFC}.Release|Any CPU.Build.0 = Release|Any CPU
		{065F3AC0-2B5C-4022-B1F9-BED60806251F}.Debug|Any CPU.ActiveCfg = Debug|Any CPU
		{065F3AC0-2B5C-4022-B1F9-BED60806251F}.Debug|Any CPU.Build.0 = Debug|Any CPU
		{065F3AC0-2B5C-4022-B1F9-BED60806251F}.Release|Any CPU.ActiveCfg = Release|Any CPU
		{065F3AC0-2B5C-4022-B1F9-BED60806251F}.Release|Any CPU.Build.0 = Release|Any CPU
		{CC54161F-697B-4C35-9A2E-D831C403B53D}.Debug|Any CPU.ActiveCfg = Debug|Any CPU
		{CC54161F-697B-4C35-9A2E-D831C403B53D}.Debug|Any CPU.Build.0 = Debug|Any CPU
		{CC54161F-697B-4C35-9A2E-D831C403B53D}.Release|Any CPU.ActiveCfg = Release|Any CPU
		{CC54161F-697B-4C35-9A2E-D831C403B53D}.Release|Any CPU.Build.0 = Release|Any CPU
		{89523BA9-A4C3-4C79-8ED3-E326C9477A62}.Debug|Any CPU.ActiveCfg = Debug|Any CPU
		{89523BA9-A4C3-4C79-8ED3-E326C9477A62}.Debug|Any CPU.Build.0 = Debug|Any CPU
		{89523BA9-A4C3-4C79-8ED3-E326C9477A62}.Release|Any CPU.ActiveCfg = Release|Any CPU
		{89523BA9-A4C3-4C79-8ED3-E326C9477A62}.Release|Any CPU.Build.0 = Release|Any CPU
	EndGlobalSection
	GlobalSection(SolutionProperties) = preSolution
		HideSolutionNode = FALSE
	EndGlobalSection
	GlobalSection(NestedProjects) = preSolution
		{CE5DE218-BC77-41BE-91D3-D229B4FE9EFC} = {014D16C5-66C0-4A18-A49C-AE957A5386B8}
		{065F3AC0-2B5C-4022-B1F9-BED60806251F} = {04598FA9-7F3A-4C98-B3E2-819FC57481F9}
		{CC54161F-697B-4C35-9A2E-D831C403B53D} = {A683C074-6FFE-47C1-9725-6EBCC32CE150}
		{89523BA9-A4C3-4C79-8ED3-E326C9477A62} = {D78545FD-68FA-4AAD-9DF3-2E91BF8ABD4E}
	EndGlobalSection
	GlobalSection(ExtensibilityGlobals) = postSolution
		SolutionGuid = {6AA77834-1215-486B-B4FA-29C19BA2ED65}
	EndGlobalSection
EndGlobal
